
Microsoft Visual Studio Solution File, Format Version 12.00
# Visual Studio Version 17
VisualStudioVersion = 17.2.32616.157
MinimumVisualStudioVersion = 10.0.40219.1
Project("{FAE04EC0-301F-11D3-BF4B-00C04F79EFBC}") = "xml2kml", "xml2kml\xml2kml.csproj", "{A58EC73C-7169-4521-8D24-8453AC1C2175}"
EndProject
Global
	GlobalSection(SolutionConfigurationPlatforms) = preSolution
		Debug|Any CPU = Debug|Any CPU
		Release|Any CPU = Release|Any CPU
	EndGlobalSection
	GlobalSection(ProjectConfigurationPlatforms) = postSolution
		{A58EC73C-7169-4521-8D24-8453AC1C2175}.Debug|Any CPU.ActiveCfg = Debug|Any CPU
		{A58EC73C-7169-4521-8D24-8453AC1C2175}.Debug|Any CPU.Build.0 = Debug|Any CPU
		{A58EC73C-7169-4521-8D24-8453AC1C2175}.Release|Any CPU.ActiveCfg = Release|Any CPU
		{A58EC73C-7169-4521-8D24-8453AC1C2175}.Release|Any CPU.Build.0 = Release|Any CPU
	EndGlobalSection
	GlobalSection(SolutionProperties) = preSolution
		HideSolutionNode = FALSE
	EndGlobalSection
	GlobalSection(ExtensibilityGlobals) = postSolution
		SolutionGuid = {AA6C299F-75B8-4F95-A8D9-BA03045F04F0}
	EndGlobalSection
EndGlobal
